
Microsoft Visual Studio Solution File, Format Version 12.00
# Visual Studio Version 16
VisualStudioVersion = 16.0.29613.14
MinimumVisualStudioVersion = 10.0.40219.1
Project("{9A19103F-16F7-4668-BE54-9A1E7A4F7556}") = "RatesParsingWeb", "RatesParsingWeb.csproj", "{DB1A16CC-1219-404C-919B-FF9D91143FDF}"
EndProject
Global
	GlobalSection(SolutionConfigurationPlatforms) = preSolution
		Debug|Any CPU = Debug|Any CPU
		Release|Any CPU = Release|Any CPU
	EndGlobalSection
	GlobalSection(ProjectConfigurationPlatforms) = postSolution
		{DB1A16CC-1219-404C-919B-FF9D91143FDF}.Debug|Any CPU.ActiveCfg = Debug|Any CPU
		{DB1A16CC-1219-404C-919B-FF9D91143FDF}.Debug|Any CPU.Build.0 = Debug|Any CPU
		{DB1A16CC-1219-404C-919B-FF9D91143FDF}.Release|Any CPU.ActiveCfg = Release|Any CPU
		{DB1A16CC-1219-404C-919B-FF9D91143FDF}.Release|Any CPU.Build.0 = Release|Any CPU
	EndGlobalSection
	GlobalSection(SolutionProperties) = preSolution
		HideSolutionNode = FALSE
	EndGlobalSection
	GlobalSection(ExtensibilityGlobals) = postSolution
		SolutionGuid = {4D3C642B-0EC1-43D0-864A-6BB62A432E21}
	EndGlobalSection
EndGlobal
